
Microsoft Visual Studio Solution File, Format Version 12.00
# Visual Studio 14
VisualStudioVersion = 14.0.25420.1
MinimumVisualStudioVersion = 10.0.40219.1
Project("{FAE04EC0-301F-11D3-BF4B-00C04F79EFBC}") = "LangtonsAnt", "LangtonsAnt\LangtonsAnt.csproj", "{E971E127-15C9-49B4-A2D1-DF0CF84A2487}"
EndProject
Global
	GlobalSection(SolutionConfigurationPlatforms) = preSolution
		Debug|x86 = Debug|x86
		Release|x86 = Release|x86
	EndGlobalSection
	GlobalSection(ProjectConfigurationPlatforms) = postSolution
		{E971E127-15C9-49B4-A2D1-DF0CF84A2487}.Debug|x86.ActiveCfg = Debug|x86
		{E971E127-15C9-49B4-A2D1-DF0CF84A2487}.Debug|x86.Build.0 = Debug|x86
		{E971E127-15C9-49B4-A2D1-DF0CF84A2487}.Release|x86.ActiveCfg = Release|x86
		{E971E127-15C9-49B4-A2D1-DF0CF84A2487}.Release|x86.Build.0 = Release|x86
	EndGlobalSection
	GlobalSection(SolutionProperties) = preSolution
		HideSolutionNode = FALSE
	EndGlobalSection
EndGlobal
